<Project xmlns="http://schemas.microsoft.com/developer/msbuild/2003">
    <PropertyGroup>
        <ProjectGuid>{4BA349EF-2CD7-4421-B603-67D86BA07FF8}</ProjectGuid>
        <ProjectVersion>19.5</ProjectVersion>
        <FrameworkType>VCL</FrameworkType>
        <MainSource>mrfantasy.dpr</MainSource>
        <Base>True</Base>
        <Config Condition="'$(Config)'==''">Debug</Config>
        <Platform Condition="'$(Platform)'==''">Win32</Platform>
        <TargetedPlatforms>3</TargetedPlatforms>
        <AppType>Application</AppType>
    </PropertyGroup>
    <PropertyGroup Condition="'$(Config)'=='Base' or '$(Base)'!=''">
        <Base>true</Base>
    </PropertyGroup>
    <PropertyGroup Condition="('$(Platform)'=='Win32' and '$(Base)'=='true') or '$(Base_Win32)'!=''">
        <Base_Win32>true</Base_Win32>
        <CfgParent>Base</CfgParent>
        <Base>true</Base>
    </PropertyGroup>
    <PropertyGroup Condition="('$(Platform)'=='Win64' and '$(Base)'=='true') or '$(Base_Win64)'!=''">
        <Base_Win64>true</Base_Win64>
        <CfgParent>Base</CfgParent>
        <Base>true</Base>
    </PropertyGroup>
    <PropertyGroup Condition="'$(Config)'=='Debug' or '$(Cfg_1)'!=''">
        <Cfg_1>true</Cfg_1>
        <CfgParent>Base</CfgParent>
        <Base>true</Base>
    </PropertyGroup>
    <PropertyGroup Condition="('$(Platform)'=='Win32' and '$(Cfg_1)'=='true') or '$(Cfg_1_Win32)'!=''">
        <Cfg_1_Win32>true</Cfg_1_Win32>
        <CfgParent>Cfg_1</CfgParent>
        <Cfg_1>true</Cfg_1>
        <Base>true</Base>
    </PropertyGroup>
    <PropertyGroup Condition="('$(Platform)'=='Win64' and '$(Cfg_1)'=='true') or '$(Cfg_1_Win64)'!=''">
        <Cfg_1_Win64>true</Cfg_1_Win64>
        <CfgParent>Cfg_1</CfgParent>
        <Cfg_1>true</Cfg_1>
        <Base>true</Base>
    </PropertyGroup>
    <PropertyGroup Condition="'$(Config)'=='Release' or '$(Cfg_2)'!=''">
        <Cfg_2>true</Cfg_2>
        <CfgParent>Base</CfgParent>
        <Base>true</Base>
    </PropertyGroup>
    <PropertyGroup Condition="('$(Platform)'=='Win32' and '$(Cfg_2)'=='true') or '$(Cfg_2_Win32)'!=''">
        <Cfg_2_Win32>true</Cfg_2_Win32>
        <CfgParent>Cfg_2</CfgParent>
        <Cfg_2>true</Cfg_2>
        <Base>true</Base>
    </PropertyGroup>
    <PropertyGroup Condition="('$(Platform)'=='Win64' and '$(Cfg_2)'=='true') or '$(Cfg_2_Win64)'!=''">
        <Cfg_2_Win64>true</Cfg_2_Win64>
        <CfgParent>Cfg_2</CfgParent>
        <Cfg_2>true</Cfg_2>
        <Base>true</Base>
    </PropertyGroup>
    <PropertyGroup Condition="'$(Base)'!=''">
        <DCC_DcuOutput>dcu\$(Platform)\$(Config)</DCC_DcuOutput>
        <DCC_ExeOutput>.\$(Platform)\$(Config)</DCC_ExeOutput>
        <DCC_E>false</DCC_E>
        <DCC_N>false</DCC_N>
        <DCC_S>false</DCC_S>
        <DCC_F>false</DCC_F>
        <DCC_K>false</DCC_K>
        <DCC_Namespace>System;Xml;Data;Datasnap;Web;Soap;Vcl;Vcl.Imaging;Vcl.Touch;Vcl.Samples;Vcl.Shell;$(DCC_Namespace)</DCC_Namespace>
        <Icon_MainIcon>$(BDS)\bin\delphi_PROJECTICON.ico</Icon_MainIcon>
        <UWP_DelphiLogo44>$(BDS)\bin\Artwork\Windows\UWP\delphi_UwpDefault_44.png</UWP_DelphiLogo44>
        <UWP_DelphiLogo150>$(BDS)\bin\Artwork\Windows\UWP\delphi_UwpDefault_150.png</UWP_DelphiLogo150>
        <SanitizedProjectName>mrfantasy</SanitizedProjectName>
        <VerInfo_IncludeVerInfo>true</VerInfo_IncludeVerInfo>
        <VerInfo_Locale>1046</VerInfo_Locale>
        <VerInfo_Keys>CompanyName=;FileDescription=$(MSBuildProjectName);FileVersion=1.0.0.0;InternalName=MrFantasy;LegalCopyright=;LegalTrademarks=;OriginalFilename=;ProgramID=com.embarcadero.$(MSBuildProjectName);ProductName=$(MSBuildProjectName);ProductVersion=1.0.0.0;Comments=</VerInfo_Keys>
        <VerInfo_AutoIncVersion>true</VerInfo_AutoIncVersion>
        <VerInfo_Debug>true</VerInfo_Debug>
        <DCC_DcpOutput>dcp\$(Platform)\$(Config)</DCC_DcpOutput>
    </PropertyGroup>
    <PropertyGroup Condition="'$(Base_Win32)'!=''">
        <DCC_UsePackage>DBXSqliteDriver;aseprovider260;DBXDb2Driver;vclactnband;vclFireDAC;liteprovider260;tethering;FireDACADSDriver;JvPluginSystem;FireDACMSSQLDriver;ibprovider260;vcltouch;JvBands;ACBr_NFe;vcldb;ACBr_NFeDanfeFR;svn;JvJans;ACBr_NFeDanfeESCPOS;JvDotNetCtrls;vclib;frxTee26;FireDACDBXDriver;sugarprovider260;ACBr_NFSeDanfseFR;vclx;unidac260;RESTBackendComponents;salesforceprovider260;VCLRESTComponents;fsTee26;vclie;bindengine;CloudService;JvHMI;FireDACMySQLDriver;fsIBX26;frx26;DataSnapClient;bindcompdbx;ACBr_TCP;IndyIPServer;DBXSybaseASEDriver;IndySystem;fsADO26;frxDBX26;db2provider260;dsnapcon;FireDACMSAccDriver;fmxFireDAC;FireDACInfxDriver;vclimg;exacttargetprovider260;Jcl;ACBr_SPED;ACBr_MDFe;emshosting;FireDACTDataDriver;DBXOdbcDriver;FMXTee;crcontrols260;zohoprovider260;soaprtl;DbxCommonDriver;JvManagedThreads;xmlrtl;soapmidas;DataSnapNativeClient;fmxobj;JvTimeFramework;bigcommerceprovider260;rtl;emsserverresource;DbxClientDriver;DBXSybaseASADriver;JvSystem;JvStdCtrls;SampleListViewMultiDetailAppearancePackage;appanalytics;IndyIPClient;bindcompvcl;accessprovider260;tdsprovider260;TeeUI;JvDocking;JvPascalInterpreter;VclSmp;magentoprovider260;FireDACODBCDriver;JclVcl;DataSnapIndy10ServerTransport;freshbooksprovider260;ACBr_Boleto;odbcprovider260;DataSnapProviderClient;FireDACMongoDBDriver;JvControls;JvPrintPreview;ACBr_MDFeDamdfeFR;ACBr_NFSe;DataSnapServerMidas;RESTComponents;DBXInterBaseDriver;emsclientfiredac;dacfmx260;DataSnapFireDAC;svnui;JvGlobus;quickbooksprovider260;netsuiteprovider260;DBXMSSQLDriver;JvMM;mailchimpprovider260;DatasnapConnectorsFreePascal;bindcompfmx;JvNet;DBXOracleDriver;inetdb;JvAppFrm;ACBr_Diversos;FmxTeeUI;emsedge;FireDACIBDriver;fmx;fmxdae;vquery260;JvWizards;dacvcl260;fs26;dbexpress;IndyCore;frxIntIO26;JvPageComps;dsnap;DataSnapCommon;emsclient;adsprovider260;FireDACCommon;JvDB;mongoprovider260;ACBr_PCNComum;frxcs26;DataSnapConnectors;soapserver;JclDeveloperTools;FireDACOracleDriver;DBXMySQLDriver;JvCmp;DBXFirebirdDriver;ACBr_Sintegra;FireDACCommonODBC;FireDACCommonDriver;frxIntIOIndy26;inet;IndyIPCommon;JvCustom;vcl;JvXPCtrls;frxDB26;FireDACDb2Driver;ACBr_Integrador;fsDB26;TeeDB;FireDAC;unidacvcl260;JvCore;ACBr_Comum;frxe26;JvCrypt;FireDACSqliteDriver;FireDACPgDriver;ibmonitor;FireDACASADriver;myprovider260;dynamicsprovider260;frxIBX26;JvDlgs;JvRuntimeDesign;ibxpress;Tee;DataSnapServer;ibxbindings;dac260;vclwinx;FireDACDSDriver;ACBr_OpenSSL;frxADO26;ACBr_DFeComum;CustomIPTransport;vcldsnap;bindcomp;fgx;ACBr_Serial;DBXInformixDriver;ACBr_BlocoX;dbxcds;pgprovider260;adortl;ACBr_NFCeECFVirtual;ACBr_BoletoFR;unidacfmx260;dsnapxml;oraprovider260;dbrtl;inetdbxpress;IndyProtocols;dbfprovider260;JclContainers;ACBr_MTER;fmxase;$(DCC_UsePackage)</DCC_UsePackage>
        <DCC_Namespace>Winapi;System.Win;Data.Win;Datasnap.Win;Web.Win;Soap.Win;Xml.Win;Bde;$(DCC_Namespace)</DCC_Namespace>
        <BT_BuildType>Debug</BT_BuildType>
        <VerInfo_Keys>CompanyName=;FileDescription=$(MSBuildProjectName);FileVersion=1.0.0.0;InternalName=;LegalCopyright=;LegalTrademarks=;OriginalFilename=;ProgramID=com.embarcadero.$(MSBuildProjectName);ProductName=$(MSBuildProjectName);ProductVersion=1.0.0.0;Comments=</VerInfo_Keys>
        <VerInfo_Locale>1033</VerInfo_Locale>
        <Manifest_File>$(BDS)\bin\default_app.manifest</Manifest_File>
    </PropertyGroup>
    <PropertyGroup Condition="'$(Base_Win64)'!=''">
        <DCC_UsePackage>DBXSqliteDriver;DBXDb2Driver;vclactnband;vclFireDAC;tethering;FireDACADSDriver;FireDACMSSQLDriver;vcltouch;vcldb;vclib;FireDACDBXDriver;vclx;RESTBackendComponents;VCLRESTComponents;vclie;bindengine;CloudService;FireDACMySQLDriver;DataSnapClient;bindcompdbx;IndyIPServer;DBXSybaseASEDriver;IndySystem;dsnapcon;FireDACMSAccDriver;fmxFireDAC;FireDACInfxDriver;vclimg;emshosting;FireDACTDataDriver;DBXOdbcDriver;FMXTee;soaprtl;DbxCommonDriver;xmlrtl;soapmidas;DataSnapNativeClient;fmxobj;rtl;emsserverresource;DbxClientDriver;DBXSybaseASADriver;appanalytics;IndyIPClient;bindcompvcl;TeeUI;VclSmp;FireDACODBCDriver;DataSnapIndy10ServerTransport;DataSnapProviderClient;FireDACMongoDBDriver;DataSnapServerMidas;RESTComponents;DBXInterBaseDriver;emsclientfiredac;DataSnapFireDAC;DBXMSSQLDriver;DatasnapConnectorsFreePascal;bindcompfmx;DBXOracleDriver;inetdb;FmxTeeUI;emsedge;FireDACIBDriver;fmx;fmxdae;dbexpress;IndyCore;dsnap;DataSnapCommon;emsclient;FireDACCommon;DataSnapConnectors;soapserver;FireDACOracleDriver;DBXMySQLDriver;DBXFirebirdDriver;FireDACCommonODBC;FireDACCommonDriver;inet;IndyIPCommon;vcl;FireDACDb2Driver;TeeDB;FireDAC;FireDACSqliteDriver;FireDACPgDriver;ibmonitor;FireDACASADriver;ibxpress;Tee;DataSnapServer;ibxbindings;vclwinx;FireDACDSDriver;CustomIPTransport;vcldsnap;bindcomp;DBXInformixDriver;dbxcds;adortl;dsnapxml;dbrtl;inetdbxpress;IndyProtocols;fmxase;$(DCC_UsePackage)</DCC_UsePackage>
        <DCC_Namespace>Winapi;System.Win;Data.Win;Datasnap.Win;Web.Win;Soap.Win;Xml.Win;$(DCC_Namespace)</DCC_Namespace>
        <BT_BuildType>Debug</BT_BuildType>
        <VerInfo_Keys>CompanyName=;FileDescription=$(MSBuildProjectName);FileVersion=1.0.0.0;InternalName=;LegalCopyright=;LegalTrademarks=;OriginalFilename=;ProgramID=com.embarcadero.$(MSBuildProjectName);ProductName=$(MSBuildProjectName);ProductVersion=1.0.0.0;Comments=</VerInfo_Keys>
        <VerInfo_Locale>1033</VerInfo_Locale>
        <Manifest_File>$(BDS)\bin\default_app.manifest</Manifest_File>
    </PropertyGroup>
    <PropertyGroup Condition="'$(Cfg_1)'!=''">
        <DCC_Define>DEBUG;$(DCC_Define)</DCC_Define>
        <DCC_DebugDCUs>true</DCC_DebugDCUs>
        <DCC_Optimize>false</DCC_Optimize>
        <DCC_GenerateStackFrames>true</DCC_GenerateStackFrames>
        <DCC_DebugInfoInExe>true</DCC_DebugInfoInExe>
        <DCC_RemoteDebug>true</DCC_RemoteDebug>
    </PropertyGroup>
    <PropertyGroup Condition="'$(Cfg_1_Win32)'!=''">
        <DCC_RemoteDebug>false</DCC_RemoteDebug>
        <AppDPIAwarenessMode>PerMonitorV2</AppDPIAwarenessMode>
        <VerInfo_Locale>1033</VerInfo_Locale>
        <VerInfo_Build>45</VerInfo_Build>
        <VerInfo_Keys>CompanyName=;FileDescription=$(MSBuildProjectName);FileVersion=1.0.9.45;InternalName=;LegalCopyright=;LegalTrademarks=;OriginalFilename=;ProgramID=com.embarcadero.$(MSBuildProjectName);ProductName=$(MSBuildProjectName);ProductVersion=1.0.0.0;Comments=</VerInfo_Keys>
        <VerInfo_Release>9</VerInfo_Release>
        <DCC_UnitSearchPath>C:\Desenvolvimento\Delphi\Componentes\FastMM4;$(DCC_UnitSearchPath)</DCC_UnitSearchPath>
    </PropertyGroup>
    <PropertyGroup Condition="'$(Cfg_1_Win64)'!=''">
        <AppEnableRuntimeThemes>true</AppEnableRuntimeThemes>
        <AppDPIAwarenessMode>PerMonitorV2</AppDPIAwarenessMode>
        <VerInfo_Locale>1033</VerInfo_Locale>
        <VerInfo_Keys>CompanyName=;FileDescription=$(MSBuildProjectName);FileVersion=1.0.9.5;InternalName=;LegalCopyright=;LegalTrademarks=;OriginalFilename=;ProgramID=com.embarcadero.$(MSBuildProjectName);ProductName=$(MSBuildProjectName);ProductVersion=1.0.0.0;Comments=</VerInfo_Keys>
        <VerInfo_Release>9</VerInfo_Release>
        <VerInfo_Build>5</VerInfo_Build>
    </PropertyGroup>
    <PropertyGroup Condition="'$(Cfg_2)'!=''">
        <DCC_LocalDebugSymbols>false</DCC_LocalDebugSymbols>
        <DCC_Define>RELEASE;$(DCC_Define)</DCC_Define>
        <DCC_SymbolReferenceInfo>0</DCC_SymbolReferenceInfo>
        <DCC_DebugInformation>0</DCC_DebugInformation>
    </PropertyGroup>
    <PropertyGroup Condition="'$(Cfg_2_Win32)'!=''">
        <AppDPIAwarenessMode>PerMonitorV2</AppDPIAwarenessMode>
        <VerInfo_Locale>1033</VerInfo_Locale>
        <VerInfo_Keys>CompanyName=;FileDescription=$(MSBuildProjectName);FileVersion=1.0.0.21;InternalName=;LegalCopyright=;LegalTrademarks=;OriginalFilename=;ProgramID=com.embarcadero.$(MSBuildProjectName);ProductName=$(MSBuildProjectName);ProductVersion=1.0.0.0;Comments=</VerInfo_Keys>
        <VerInfo_Build>21</VerInfo_Build>
        <DCC_UnitSearchPath>F:\estudos\Delphi\Componentes\FastMM4;$(DCC_UnitSearchPath)</DCC_UnitSearchPath>
    </PropertyGroup>
    <PropertyGroup Condition="'$(Cfg_2_Win64)'!=''">
        <AppEnableRuntimeThemes>true</AppEnableRuntimeThemes>
        <AppDPIAwarenessMode>PerMonitorV2</AppDPIAwarenessMode>
        <VerInfo_Build>18</VerInfo_Build>
        <VerInfo_Locale>1033</VerInfo_Locale>
        <VerInfo_Keys>CompanyName=;FileDescription=$(MSBuildProjectName);FileVersion=1.0.0.18;InternalName=;LegalCopyright=;LegalTrademarks=;OriginalFilename=;ProgramID=com.embarcadero.$(MSBuildProjectName);ProductName=$(MSBuildProjectName);ProductVersion=1.0.0.0;Comments=</VerInfo_Keys>
    </PropertyGroup>
    <ItemGroup>
        <DelphiCompile Include="$(MainSource)">
            <MainSource>MainSource</MainSource>
        </DelphiCompile>
        <DCCReference Include="modulos\00-principal\uPrincipal.pas">
            <Form>fPrincipal</Form>
        </DCCReference>
        <DCCReference Include="rotinas\uConexaoBD.pas"/>
        <DCCReference Include="rotinas\uControle.pas"/>
        <DCCReference Include="rotinas\uGlobal.pas"/>
        <DCCReference Include="rotinas\uRotinas.pas"/>
        <DCCReference Include="src\view\principal\view.principal.login.pas">
            <Form>frmLogin</Form>
        </DCCReference>
        <DCCReference Include="modulos\00-principal\uFrameAnime.pas">
            <Form>frm_animation</Form>
            <DesignClass>TFrame</DesignClass>
        </DCCReference>
        <DCCReference Include="src\view\cadastros\view.cadastros.pesquisaPadrao.pas">
            <Form>frmPesquisaPadrao</Form>
        </DCCReference>
        <DCCReference Include="src\view\cadastros\view.cadastros.cliente.pas">
            <Form>frmClientes</Form>
        </DCCReference>
        <DCCReference Include="modulos\02-financeiro\caixas\uClasseCaixas.pas"/>
        <DCCReference Include="modulos\02-financeiro\caixas\uCaixas.pas">
            <Form>fCaixas</Form>
        </DCCReference>
        <DCCReference Include="modulos\02-financeiro\caixas\uPesquisaCaixas.pas">
            <Form>fPesquisaCaixas</Form>
        </DCCReference>
        <DCCReference Include="modulos\03-estoque\reservas\uClasseReservas.pas"/>
        <DCCReference Include="modulos\03-estoque\reservas\uReservas.pas">
            <Form>fReservas</Form>
        </DCCReference>
        <DCCReference Include="modulos\03-estoque\reservas\uPagtoReservas.pas">
            <Form>fPagtoReservas</Form>
        </DCCReference>
        <DCCReference Include="modulos\03-estoque\reservas\uPesquisaReservas.pas">
            <Form>fPesquisaReservas</Form>
        </DCCReference>
        <DCCReference Include="modulos\03-estoque\vendas\uClasseVendas.pas"/>
        <DCCReference Include="modulos\03-estoque\vendas\uVendas.pas">
            <Form>fVendas</Form>
        </DCCReference>
        <DCCReference Include="modulos\03-estoque\vendas\uPagtoVendas.pas">
            <Form>fPagtoVendas</Form>
        </DCCReference>
        <DCCReference Include="modulos\03-estoque\vendas\uPesquisaVendas.pas">
            <Form>fPesquisaVendas</Form>
        </DCCReference>
        <DCCReference Include="src\view\financeiro\view.financeiro.relatorioCaixa.pas">
            <Form>frmReportCaixa</Form>
        </DCCReference>
        <DCCReference Include="modulos\01-cadastro\walletdigital\uClasseCfgWalletsDigital.pas"/>
        <DCCReference Include="modulos\01-cadastro\walletdigital\uCfgWalletsDigital.pas">
            <Form>fCfgWalletsDigital</Form>
        </DCCReference>
        <DCCReference Include="modulos\01-cadastro\walletdigital\uPesquisaWalletsDigital.pas">
            <Form>fPesquisaWalletsDigital</Form>
        </DCCReference>
        <DCCReference Include="modulos\02-financeiro\cartoes\uClasseCartoes.pas"/>
        <DCCReference Include="modulos\02-financeiro\cartoes\uCartoes.pas">
            <Form>fCartoes</Form>
        </DCCReference>
        <DCCReference Include="modulos\02-financeiro\cartoes\uPesquisaCartoes.pas">
            <Form>fPesquisaCartoes</Form>
        </DCCReference>
        <DCCReference Include="modulos\03-estoque\reservas\uPesquisaReservasProdutos.pas">
            <Form>fPesquisaReservasProdutos</Form>
        </DCCReference>
        <DCCReference Include="modulos\03-estoque\reservas\uImprimeComprovante.pas">
            <Form>fImprimeComprovante</Form>
        </DCCReference>
        <DCCReference Include="modulos\00-principal\uConfigBackups.pas">
            <Form>fConfigBackups</Form>
        </DCCReference>
        <DCCReference Include="modulos\00-principal\uConfigImpressao.pas">
            <Form>fConfigImpressao</Form>
        </DCCReference>
        <DCCReference Include="modulos\03-estoque\ordens\uClasseOrdens.pas"/>
        <DCCReference Include="src\view\estoque\view.estoque.ordem.pas">
            <Form>frmOrdens</Form>
        </DCCReference>
        <DCCReference Include="modulos\04-relatorios\uClasseRelatorios.pas"/>
        <DCCReference Include="modulos\04-relatorios\uReportMovimento.pas">
            <Form>fReportMovimento</Form>
        </DCCReference>
        <DCCReference Include="src\model\resource\model.resource.interfaces.pas"/>
        <DCCReference Include="src\model\resource\impl\model.resource.impl.configuration.pas"/>
        <DCCReference Include="src\model\resource\impl\model.resource.impl.connection.firedac.pas"/>
        <DCCReference Include="src\model\resource\impl\model.resource.impl.factory.pas"/>
        <DCCReference Include="src\model\service\model.service.interfaces.pas"/>
        <DCCReference Include="src\model\service\impl\model.service.interfaces.impl.pas"/>
        <DCCReference Include="src\model\entity\model.acesso.pas"/>
        <DCCReference Include="src\model\entity\model.caixa.pas"/>
        <DCCReference Include="src\model\entity\model.cartoes.pas"/>
        <DCCReference Include="src\model\entity\model.cliente.pas"/>
        <DCCReference Include="src\model\entity\model.empresa.pas"/>
        <DCCReference Include="src\model\entity\model.estoque.pas"/>
        <DCCReference Include="src\model\entity\model.formasPagto.pas"/>
        <DCCReference Include="src\model\entity\model.funcionario.pas"/>
        <DCCReference Include="src\model\entity\model.kardex.pas"/>
        <DCCReference Include="src\model\entity\model.menu.pas"/>
        <DCCReference Include="src\model\entity\model.ordemCab.pas"/>
        <DCCReference Include="src\model\entity\model.ordemItem.pas"/>
        <DCCReference Include="src\model\entity\model.ordemPagto.pas"/>
        <DCCReference Include="src\model\entity\model.produto.pas"/>
        <DCCReference Include="src\model\entity\model.usuario.pas"/>
        <DCCReference Include="src\controller\dto\controller.dto.empresa.interfaces.pas"/>
        <DCCReference Include="src\controller\dto\impl\controller.dto.empresa.interfaces.impl.pas"/>
        <DCCReference Include="src\model\entity\model.carteiraDigital.pas"/>
        <DCCReference Include="src\view\cadastros\view.cadastros.empresa.pas">
            <Form>frmEmpresas</Form>
        </DCCReference>
        <DCCReference Include="src\controller\dto\controller.dto.cliente.interfaces.pas"/>
        <DCCReference Include="src\controller\dto\impl\controller.dto.cliente.interfaces.impl.pas"/>
        <DCCReference Include="modulos\00-principal\uPesquisaPadrao.pas">
            <Form>fPesquisaPadrao</Form>
        </DCCReference>
        <DCCReference Include="src\view\cadastros\view.cadastros.clientePesquisa.pas">
            <Form>frmPesquisaClientes</Form>
        </DCCReference>
        <DCCReference Include="rotinas\DataSetUtils.pas"/>
        <DCCReference Include="rotinas\classe.global.pas"/>
        <DCCReference Include="src\controller\dto\controller.dto.usuario.interfaces.pas"/>
        <DCCReference Include="src\controller\dto\impl\controller.dto.usuario.interfaces.impl.pas"/>
        <DCCReference Include="src\view\cadastros\view.cadastros.padrao.pas">
            <Form>frmCadPadrao</Form>
        </DCCReference>
        <DCCReference Include="modulos\00-principal\uLogin.pas">
            <Form>fLogin</Form>
        </DCCReference>
        <DCCReference Include="src\controller\dto\controller.dto.funcionario.interfaces.pas"/>
        <DCCReference Include="src\controller\dto\impl\controller.dto.funcionario.interfaces.impl.pas"/>
        <DCCReference Include="src\controller\dto\controller.dto.produto.interfaces.pas"/>
        <DCCReference Include="src\controller\dto\impl\controller.dto.produto.interfaces.impl.pas"/>
        <DCCReference Include="src\controller\dto\controller.dto.caixa.interfaces.pas"/>
        <DCCReference Include="src\controller\dto\impl\controller.dto.caixa.interfaces.impl.pas"/>
        <DCCReference Include="src\controller\dto\controller.dto.cartoes.interfaces.pas"/>
        <DCCReference Include="src\controller\dto\impl\controller.dto.cartoes.interfaces.impl.pas"/>
        <DCCReference Include="src\controller\dto\controller.dto.carteiraDigital.interfaces.pas"/>
        <DCCReference Include="src\controller\dto\impl\controller.dto.carteiraDigital.interfaces.impl.pas"/>
        <DCCReference Include="src\controller\dto\controller.dto.ordemCab.interfaces.pas"/>
        <DCCReference Include="src\controller\dto\impl\controller.dto.ordemCab.interfaces.impl.pas"/>
        <DCCReference Include="modulos\00-principal\uCadPadrao.pas">
            <Form>fCadPadrao</Form>
            <FormType>dfm</FormType>
        </DCCReference>
        <DCCReference Include="src\view\cadastros\view.cadastros.funcionario.pas">
            <Form>frmFuncionarios</Form>
            <FormType>dfm</FormType>
        </DCCReference>
        <DCCReference Include="src\view\cadastros\view.cadastros.funcionarioPesquisa.pas">
            <Form>frmPesquisaFuncionarios</Form>
            <FormType>dfm</FormType>
        </DCCReference>
        <DCCReference Include="src\view\cadastros\view.cadastros.usuario.pas">
            <Form>frmUsuarios</Form>
            <FormType>dfm</FormType>
        </DCCReference>
        <DCCReference Include="src\view\cadastros\view.cadastros.empresaPesquisa.pas">
            <Form>frmPesquisaEmpresas</Form>
            <FormType>dfm</FormType>
        </DCCReference>
        <DCCReference Include="src\model\entity\model.parametro.pas"/>
        <DCCReference Include="src\controller\dto\controller.dto.parametro.interfaces.pas"/>
        <DCCReference Include="src\controller\dto\impl\controller.dto.parametro.interfaces.impl.pas"/>
        <DCCReference Include="src\view\cadastros\view.cadastros.usuarioPesquisa.pas">
            <Form>frmPesquisaUsuarios</Form>
            <FormType>dfm</FormType>
        </DCCReference>
        <DCCReference Include="src\view\cadastros\view.cadastros.produto.pas">
            <Form>frmFantasias</Form>
            <FormType>dfm</FormType>
        </DCCReference>
        <DCCReference Include="src\view\cadastros\view.cadastros.produtoPesquisa.pas">
            <Form>frmPesquisaProdutos</Form>
            <FormType>dfm</FormType>
        </DCCReference>
        <DCCReference Include="modulos\01-cadastro\clientes\uClasseClientes.pas"/>
        <DCCReference Include="modulos\01-cadastro\empresas\uClasseEmpresas.pas"/>
        <DCCReference Include="modulos\01-cadastro\fantasias\uClasseFantasias.pas"/>
        <DCCReference Include="modulos\01-cadastro\funcionarios\uClasseFuncionarios.pas"/>
        <DCCReference Include="modulos\01-cadastro\usuarios\uClasseUsuarios.pas"/>
        <DCCReference Include="src\view\configuracoes\view.configuracoes.carteiraDigital.pas">
            <Form>frmCarteiraDigital</Form>
            <FormType>dfm</FormType>
        </DCCReference>
        <DCCReference Include="src\view\configuracoes\view.configuracoes.carteiraDigitalPesquisa.pas">
            <Form>frmPesquisaCarteiraDigital</Form>
            <FormType>dfm</FormType>
        </DCCReference>
        <DCCReference Include="src\view\financeiro\view.financeiro.caixa.pas">
            <Form>frmCaixas</Form>
            <FormType>dfm</FormType>
        </DCCReference>
        <DCCReference Include="modulos\02-financeiro\caixas\uReportCaixa.pas">
            <Form>fReportCaixa</Form>
            <FormType>dfm</FormType>
        </DCCReference>
        <DCCReference Include="src\view\financeiro\view.financeiro.caixaPesquisa.pas">
            <Form>frmPesquisaCaixas</Form>
            <FormType>dfm</FormType>
        </DCCReference>
        <DCCReference Include="src\model\service\model.scripts.service.interfaces.pas"/>
        <DCCReference Include="src\model\service\impl\model.scripts.service.interfaces.impl.pas"/>
        <DCCReference Include="src\view\financeiro\view.financeiro.cartoes.pas">
            <Form>frmCartoes</Form>
            <FormType>dfm</FormType>
        </DCCReference>
        <DCCReference Include="src\view\financeiro\view.financeiro.cartoesPesquisa.pas">
            <Form>frmPesquisaCartoes</Form>
            <FormType>dfm</FormType>
        </DCCReference>
        <DCCReference Include="modulos\03-estoque\ordens\uOrdens.pas">
            <Form>fOrdens</Form>
            <FormType>dfm</FormType>
        </DCCReference>
        <DCCReference Include="src\controller\dto\controller.dto.ordemItem.interfaces.pas"/>
        <DCCReference Include="src\controller\dto\controller.dto.ordemPagto.interfaces.pas"/>
        <DCCReference Include="src\controller\dto\impl\controller.dto.ordemItem.interfaces.impl.pas"/>
        <DCCReference Include="src\controller\dto\impl\controller.dto.ordemPagto.interfaces.impl.pas"/>
        <DCCReference Include="src\controller\dto\controller.dto.formaPagto.interfaces.pas"/>
        <DCCReference Include="src\controller\dto\impl\controller.dto.formaPagto.interfaces.impl.pas"/>
        <DCCReference Include="src\controller\dto\controller.dto.kardex.interfaces.pas"/>
        <DCCReference Include="src\controller\dto\impl\controller.dto.kardex.interfaces.impl.pas"/>
        <DCCReference Include="src\controller\dto\controller.dto.estoque.interfaces.pas"/>
        <DCCReference Include="src\controller\dto\impl\controller.dto.estoque.interfaces.impl.pas"/>
        <RcItem Include="modulos\03-estoque\reservas\rptCompAluguel.fr3">
            <ContainerId>ResourceItem</ContainerId>
            <ResourceType>RCDATA</ResourceType>
            <ResourceId>rptcompaluguel</ResourceId>
        </RcItem>
        <RcItem Include="modulos\03-estoque\reservas\rptDataAlugueis.fr3">
            <ContainerId>ResourceItem</ContainerId>
            <ResourceType>RCDATA</ResourceType>
            <ResourceId>rptdataalugueis</ResourceId>
        </RcItem>
        <RcItem Include="modulos\03-estoque\vendas\rptCompVenda.fr3">
            <ContainerId>ResourceItem</ContainerId>
            <ResourceType>RCDATA</ResourceType>
            <ResourceId>rptcompvenda</ResourceId>
        </RcItem>
        <RcItem Include="modulos\02-financeiro\caixas\rptDataCupom.fr3">
            <ContainerId>ResourceItem</ContainerId>
            <ResourceType>RCDATA</ResourceType>
            <ResourceId>rptdatacupom</ResourceId>
        </RcItem>
        <RcItem Include="modulos\03-estoque\reservas\rptFantasiasReservadas.fr3">
            <ContainerId>ResourceItem</ContainerId>
            <ResourceType>RCDATA</ResourceType>
            <ResourceId>rptfantasiasreservadas</ResourceId>
        </RcItem>
        <RcItem Include="modulos\03-estoque\ordens\rptFantasiasReservadas.fr3">
            <ContainerId>ResourceItem</ContainerId>
            <ResourceType>RCDATA</ResourceType>
            <ResourceId>rptordensPorFantasias</ResourceId>
        </RcItem>
        <RcItem Include="modulos\03-estoque\ordens\rptCompVenda.fr3">
            <ContainerId>ResourceItem</ContainerId>
            <ResourceType>RCDATA</ResourceType>
            <ResourceId>rptcompordemvenda</ResourceId>
        </RcItem>
        <RcItem Include="modulos\03-estoque\ordens\rptCompAluguelA4.fr3">
            <ContainerId>ResourceItem</ContainerId>
            <ResourceType>RCDATA</ResourceType>
            <ResourceId>rptcompaluguel_a4</ResourceId>
        </RcItem>
        <RcItem Include="modulos\03-estoque\ordens\rptCompVendaA4.fr3">
            <ContainerId>ResourceItem</ContainerId>
            <ResourceType>RCDATA</ResourceType>
            <ResourceId>rptcompvenda_a4</ResourceId>
        </RcItem>
        <RcItem Include="modulos\04-relatorios\rptOrdensPorFuncionario.fr3">
            <ContainerId>ResourceItem</ContainerId>
            <ResourceType>RCDATA</ResourceType>
            <ResourceId>rptordensporfuncionario</ResourceId>
        </RcItem>
        <RcItem Include="modulos\04-relatorios\rptOrdensMovimentacaoAnual.fr3">
            <ContainerId>ResourceItem</ContainerId>
            <ResourceType>RCDATA</ResourceType>
            <ResourceId>rptordensmovimentacaoanual</ResourceId>
        </RcItem>
        <RcItem Include="assets\bmp\24x24\Archive-24.bmp">
            <ResourceType>BITMAP</ResourceType>
            <ResourceId>bkpdados</ResourceId>
        </RcItem>
        <RcItem Include="assets\bmp\24x24\Arrowhead-01-24.bmp">
            <ResourceType>BITMAP</ResourceType>
            <ResourceId>arrowup</ResourceId>
        </RcItem>
        <RcItem Include="assets\bmp\24x24\Arrowhead-Down-24.bmp">
            <ResourceType>BITMAP</ResourceType>
            <ResourceId>arrowdown</ResourceId>
        </RcItem>
        <RcItem Include="assets\bmp\24x24\Circle-Add-04-24.bmp">
            <ResourceType>BITMAP</ResourceType>
            <ResourceId>circleadd</ResourceId>
        </RcItem>
        <RcItem Include="assets\bmp\24x24\Command-Refresh-24.bmp">
            <ResourceType>BITMAP</ResourceType>
            <ResourceId>refresh</ResourceId>
        </RcItem>
        <RcItem Include="assets\bmp\24x24\Print-01-24.bmp">
            <ResourceType>BITMAP</ResourceType>
            <ResourceId>Bitmap_6</ResourceId>
        </RcItem>
        <RcItem Include="assets\jpg\16x16\imgdefault.jpg">
            <ResourceType>RCDATA</ResourceType>
            <ResourceId>imgdefault</ResourceId>
        </RcItem>
        <RcItem Include="src\view\estoque\reports\rptCompAluguel.fr3">
            <ContainerId>ResourceItem</ContainerId>
            <ResourceType>RCDATA</ResourceType>
            <ResourceId>rptordemAluguel</ResourceId>
        </RcItem>
        <RcItem Include="src\view\estoque\reports\rptDataAlugueis.fr3">
            <ContainerId>ResourceItem</ContainerId>
            <ResourceType>RCDATA</ResourceType>
            <ResourceId>rptdataOrdens</ResourceId>
        </RcItem>
        <RcItem Include="src\view\financeiro\reports\rptCxaDiario.fr3">
            <ContainerId>ResourceItem</ContainerId>
            <ResourceType>RCDATA</ResourceType>
            <ResourceId>rptcxadiario</ResourceId>
        </RcItem>
        <BuildConfiguration Include="Base">
            <Key>Base</Key>
        </BuildConfiguration>
        <BuildConfiguration Include="Debug">
            <Key>Cfg_1</Key>
            <CfgParent>Base</CfgParent>
        </BuildConfiguration>
        <BuildConfiguration Include="Release">
            <Key>Cfg_2</Key>
            <CfgParent>Base</CfgParent>
        </BuildConfiguration>
    </ItemGroup>
    <ProjectExtensions>
        <Borland.Personality>Delphi.Personality.12</Borland.Personality>
        <Borland.ProjectType>Application</Borland.ProjectType>
        <BorlandProject>
            <Delphi.Personality>
                <Source>
                    <Source Name="MainSource">mrfantasy.dpr</Source>
                </Source>
                <Excluded_Packages>
                    <Excluded_Packages Name="$(BDSBIN)\dcloffice2k280.bpl">Microsoft Office 2000 Sample Automation Server Wrapper Components</Excluded_Packages>
                    <Excluded_Packages Name="$(BDSBIN)\dclofficexp280.bpl">Microsoft Office XP Sample Automation Server Wrapper Components</Excluded_Packages>
                    <Excluded_Packages Name="C:\Program Files (x86)\FastReports\LibD28\dclfrxtee28.bpl">FastReport VCL Tee Components</Excluded_Packages>
                </Excluded_Packages>
            </Delphi.Personality>
            <Deployment Version="4">
                <DeployFile LocalName="Win32\Debug\mrfantasy.exe" Configuration="Debug" Class="ProjectOutput"/>
                <DeployFile LocalName="Win32\Debug\mrfantasy.exe" Configuration="Debug" Class="ProjectOutput">
                    <Platform Name="Win32">
                        <RemoteName>mrfantasy.exe</RemoteName>
                        <Overwrite>true</Overwrite>
                    </Platform>
                </DeployFile>
                <DeployFile LocalName="Win32\Release\mrfantasy.exe" Configuration="Release" Class="ProjectOutput"/>
                <DeployFile LocalName="assets\bmp\24x24\Archive-24.bmp" Configuration="Debug" Class="ProjectFile"/>
                <DeployFile LocalName="assets\bmp\24x24\Archive-24.bmp" Configuration="Debug" Class="ProjectFile">
                    <Platform Name="Win32">
                        <RemoteDir>.\</RemoteDir>
                        <Overwrite>true</Overwrite>
                    </Platform>
                </DeployFile>
                <DeployFile LocalName="assets\bmp\24x24\Arrowhead-01-24.bmp" Configuration="Debug" Class="ProjectFile"/>
                <DeployFile LocalName="assets\bmp\24x24\Arrowhead-01-24.bmp" Configuration="Debug" Class="ProjectFile">
                    <Platform Name="Win32">
                        <RemoteDir>.\</RemoteDir>
                        <Overwrite>true</Overwrite>
                    </Platform>
                </DeployFile>
                <DeployFile LocalName="assets\bmp\24x24\Arrowhead-Down-24.bmp" Configuration="Debug" Class="ProjectFile"/>
                <DeployFile LocalName="assets\bmp\24x24\Arrowhead-Down-24.bmp" Configuration="Debug" Class="ProjectFile">
                    <Platform Name="Win32">
                        <RemoteDir>.\</RemoteDir>
                        <Overwrite>true</Overwrite>
                    </Platform>
                </DeployFile>
                <DeployFile LocalName="assets\bmp\24x24\Circle-Add-04-24.bmp" Configuration="Debug" Class="ProjectFile"/>
                <DeployFile LocalName="assets\bmp\24x24\Circle-Add-04-24.bmp" Configuration="Debug" Class="ProjectFile">
                    <Platform Name="Win32">
                        <RemoteDir>.\</RemoteDir>
                        <Overwrite>true</Overwrite>
                    </Platform>
                </DeployFile>
                <DeployFile LocalName="assets\bmp\24x24\Command-Refresh-24.bmp" Configuration="Debug" Class="ProjectFile"/>
                <DeployFile LocalName="assets\bmp\24x24\Command-Refresh-24.bmp" Configuration="Debug" Class="ProjectFile">
                    <Platform Name="Win32">
                        <RemoteDir>.\</RemoteDir>
                        <Overwrite>true</Overwrite>
                    </Platform>
                </DeployFile>
                <DeployFile LocalName="assets\bmp\24x24\Print-01-24.bmp" Configuration="Debug" Class="ProjectFile"/>
                <DeployFile LocalName="assets\bmp\24x24\Print-01-24.bmp" Configuration="Debug" Class="ProjectFile">
                    <Platform Name="Win32">
                        <RemoteDir>.\</RemoteDir>
                        <Overwrite>true</Overwrite>
                    </Platform>
                </DeployFile>
                <DeployFile LocalName="assets\jpg\16x16\imgdefault.jpg" Configuration="Debug" Class="ProjectFile"/>
                <DeployFile LocalName="assets\jpg\16x16\imgdefault.jpg" Configuration="Debug" Class="ProjectFile">
                    <Platform Name="Win32">
                        <RemoteDir>.\</RemoteDir>
                        <Overwrite>true</Overwrite>
                    </Platform>
                </DeployFile>
                <DeployFile LocalName="imagens\bmp\24x24\Archive-24.bmp" Configuration="Debug" Class="ProjectFile"/>
                <DeployFile LocalName="imagens\bmp\24x24\Archive-24.bmp" Configuration="Release" Class="ProjectFile"/>
                <DeployFile LocalName="imagens\bmp\24x24\Arrowhead-01-24.bmp" Configuration="Debug" Class="ProjectFile"/>
                <DeployFile LocalName="imagens\bmp\24x24\Arrowhead-01-24.bmp" Configuration="Release" Class="ProjectFile"/>
                <DeployFile LocalName="imagens\bmp\24x24\Arrowhead-Down-01-24.bmp" Configuration="Debug" Class="ProjectFile"/>
                <DeployFile LocalName="imagens\bmp\24x24\Arrowhead-Down-01-24.bmp" Configuration="Release" Class="ProjectFile"/>
                <DeployFile LocalName="imagens\bmp\24x24\Circle-Add-04-24.bmp" Configuration="Debug" Class="ProjectFile"/>
                <DeployFile LocalName="imagens\bmp\24x24\Circle-Add-04-24.bmp" Configuration="Release" Class="ProjectFile"/>
                <DeployFile LocalName="imagens\bmp\24x24\Command-Refresh-24.bmp" Configuration="Debug" Class="ProjectFile"/>
                <DeployFile LocalName="imagens\bmp\24x24\Command-Refresh-24.bmp" Configuration="Release" Class="ProjectFile"/>
                <DeployFile LocalName="imagens\bmp\24x24\Print-01-24.bmp" Configuration="Debug" Class="ProjectFile"/>
                <DeployFile LocalName="imagens\bmp\24x24\Print-01-24.bmp" Configuration="Release" Class="ProjectFile"/>
                <DeployFile LocalName="modulos\02-financeiro\caixas\rptCxaDiario.fr3" Configuration="Debug" Class="ProjectFile"/>
                <DeployFile LocalName="modulos\02-financeiro\caixas\rptCxaDiario.fr3" Configuration="Release" Class="ProjectFile"/>
                <DeployFile LocalName="modulos\02-financeiro\caixas\rptDataCupom.fr3" Configuration="Debug" Class="ProjectFile"/>
                <DeployFile LocalName="modulos\02-financeiro\caixas\rptDataCupom.fr3" Configuration="Debug" Class="ProjectFile">
                    <Platform Name="Win32">
                        <RemoteDir>.\</RemoteDir>
                        <Overwrite>true</Overwrite>
                    </Platform>
                </DeployFile>
                <DeployFile LocalName="modulos\02-financeiro\caixas\rptDataCupom.fr3" Configuration="Release" Class="ProjectFile"/>
                <DeployFile LocalName="modulos\03-estoque\ordens\rptCompAluguel.fr3" Configuration="Debug" Class="ProjectFile"/>
                <DeployFile LocalName="modulos\03-estoque\ordens\rptCompAluguel.fr3" Configuration="Release" Class="ProjectFile"/>
                <DeployFile LocalName="modulos\03-estoque\ordens\rptCompAluguelA4.fr3" Configuration="Debug" Class="ProjectFile"/>
                <DeployFile LocalName="modulos\03-estoque\ordens\rptCompAluguelA4.fr3" Configuration="Debug" Class="ProjectFile">
                    <Platform Name="Win32">
                        <RemoteDir>.\</RemoteDir>
                        <Overwrite>true</Overwrite>
                    </Platform>
                </DeployFile>
                <DeployFile LocalName="modulos\03-estoque\ordens\rptCompAluguelA4.fr3" Configuration="Release" Class="ProjectFile"/>
                <DeployFile LocalName="modulos\03-estoque\ordens\rptCompVenda.fr3" Configuration="Debug" Class="ProjectFile"/>
                <DeployFile LocalName="modulos\03-estoque\ordens\rptCompVenda.fr3" Configuration="Debug" Class="ProjectFile">
                    <Platform Name="Win32">
                        <RemoteDir>.\</RemoteDir>
                        <Overwrite>true</Overwrite>
                    </Platform>
                </DeployFile>
                <DeployFile LocalName="modulos\03-estoque\ordens\rptCompVenda.fr3" Configuration="Release" Class="ProjectFile"/>
                <DeployFile LocalName="modulos\03-estoque\ordens\rptCompVendaA4.fr3" Configuration="Debug" Class="ProjectFile"/>
                <DeployFile LocalName="modulos\03-estoque\ordens\rptCompVendaA4.fr3" Configuration="Debug" Class="ProjectFile">
                    <Platform Name="Win32">
                        <RemoteDir>.\</RemoteDir>
                        <Overwrite>true</Overwrite>
                    </Platform>
                </DeployFile>
                <DeployFile LocalName="modulos\03-estoque\ordens\rptCompVendaA4.fr3" Configuration="Release" Class="ProjectFile"/>
                <DeployFile LocalName="modulos\03-estoque\ordens\rptDataAlugueis.fr3" Configuration="Debug" Class="ProjectFile"/>
                <DeployFile LocalName="modulos\03-estoque\ordens\rptDataAlugueis.fr3" Configuration="Release" Class="ProjectFile"/>
                <DeployFile LocalName="modulos\03-estoque\ordens\rptFantasiasReservadas.fr3" Configuration="Debug" Class="ProjectFile"/>
                <DeployFile LocalName="modulos\03-estoque\ordens\rptFantasiasReservadas.fr3" Configuration="Debug" Class="ProjectFile">
                    <Platform Name="Win32">
                        <RemoteDir>.\</RemoteDir>
                        <Overwrite>true</Overwrite>
                    </Platform>
                </DeployFile>
                <DeployFile LocalName="modulos\03-estoque\ordens\rptFantasiasReservadas.fr3" Configuration="Release" Class="ProjectFile"/>
                <DeployFile LocalName="modulos\03-estoque\reservas\rptCompAluguel.fr3" Configuration="Debug" Class="ProjectFile"/>
                <DeployFile LocalName="modulos\03-estoque\reservas\rptCompAluguel.fr3" Configuration="Debug" Class="ProjectFile">
                    <Platform Name="Win32">
                        <RemoteDir>.\</RemoteDir>
                        <Overwrite>true</Overwrite>
                    </Platform>
                </DeployFile>
                <DeployFile LocalName="modulos\03-estoque\reservas\rptCompAluguel.fr3" Configuration="Release" Class="ProjectFile"/>
                <DeployFile LocalName="modulos\03-estoque\reservas\rptDataAlugueis.fr3" Configuration="Debug" Class="ProjectFile"/>
                <DeployFile LocalName="modulos\03-estoque\reservas\rptDataAlugueis.fr3" Configuration="Debug" Class="ProjectFile">
                    <Platform Name="Win32">
                        <RemoteDir>.\</RemoteDir>
                        <Overwrite>true</Overwrite>
                    </Platform>
                </DeployFile>
                <DeployFile LocalName="modulos\03-estoque\reservas\rptDataAlugueis.fr3" Configuration="Release" Class="ProjectFile"/>
                <DeployFile LocalName="modulos\03-estoque\reservas\rptFantasiasReservadas.fr3" Configuration="Debug" Class="ProjectFile"/>
                <DeployFile LocalName="modulos\03-estoque\reservas\rptFantasiasReservadas.fr3" Configuration="Debug" Class="ProjectFile">
                    <Platform Name="Win32">
                        <RemoteDir>.\</RemoteDir>
                        <Overwrite>true</Overwrite>
                    </Platform>
                </DeployFile>
                <DeployFile LocalName="modulos\03-estoque\reservas\rptFantasiasReservadas.fr3" Configuration="Release" Class="ProjectFile"/>
                <DeployFile LocalName="modulos\03-estoque\vendas\rptCompVenda.fr3" Configuration="Debug" Class="ProjectFile"/>
                <DeployFile LocalName="modulos\03-estoque\vendas\rptCompVenda.fr3" Configuration="Debug" Class="ProjectFile">
                    <Platform Name="Win32">
                        <RemoteDir>.\</RemoteDir>
                        <Overwrite>true</Overwrite>
                    </Platform>
                </DeployFile>
                <DeployFile LocalName="modulos\03-estoque\vendas\rptCompVenda.fr3" Configuration="Release" Class="ProjectFile"/>
                <DeployFile LocalName="modulos\04-relatorios\rptOrdensMovimentacaoAnual.fr3" Configuration="Debug" Class="ProjectFile"/>
                <DeployFile LocalName="modulos\04-relatorios\rptOrdensMovimentacaoAnual.fr3" Configuration="Debug" Class="ProjectFile">
                    <Platform Name="Win32">
                        <RemoteDir>.\</RemoteDir>
                        <Overwrite>true</Overwrite>
                    </Platform>
                </DeployFile>
                <DeployFile LocalName="modulos\04-relatorios\rptOrdensMovimentacaoAnual.fr3" Configuration="Release" Class="ProjectFile"/>
                <DeployFile LocalName="modulos\04-relatorios\rptOrdensPorFuncionario.fr3" Configuration="Debug" Class="ProjectFile"/>
                <DeployFile LocalName="modulos\04-relatorios\rptOrdensPorFuncionario.fr3" Configuration="Debug" Class="ProjectFile">
                    <Platform Name="Win32">
                        <RemoteDir>.\</RemoteDir>
                        <Overwrite>true</Overwrite>
                    </Platform>
                </DeployFile>
                <DeployFile LocalName="modulos\04-relatorios\rptOrdensPorFuncionario.fr3" Configuration="Release" Class="ProjectFile"/>
                <DeployFile LocalName="src\view\estoque\reports\rptCompAluguel.fr3" Configuration="Debug" Class="ProjectFile"/>
                <DeployFile LocalName="src\view\estoque\reports\rptCompAluguel.fr3" Configuration="Debug" Class="ProjectFile">
                    <Platform Name="Win32">
                        <RemoteDir>.\</RemoteDir>
                        <Overwrite>true</Overwrite>
                    </Platform>
                </DeployFile>
                <DeployFile LocalName="src\view\estoque\reports\rptDataAlugueis.fr3" Configuration="Debug" Class="ProjectFile">
                    <Platform Name="Win32">
                        <RemoteDir>.\</RemoteDir>
                        <Overwrite>true</Overwrite>
                    </Platform>
                </DeployFile>
                <DeployFile LocalName="src\view\financeiro\reports\rptCxaDiario.fr3" Configuration="Debug" Class="ProjectFile">
                    <Platform Name="Win32">
                        <RemoteDir>.\</RemoteDir>
                        <Overwrite>true</Overwrite>
                    </Platform>
                </DeployFile>
                <DeployClass Name="AdditionalDebugSymbols">
                    <Platform Name="iOSSimulator">
                        <Operation>1</Operation>
                    </Platform>
                    <Platform Name="OSX32">
                        <RemoteDir>Contents\MacOS</RemoteDir>
                        <Operation>1</Operation>
                    </Platform>
                    <Platform Name="Win32">
                        <Operation>0</Operation>
                    </Platform>
                </DeployClass>
                <DeployClass Name="AndroidClasses">
                    <Platform Name="Android">
                        <RemoteDir>classes</RemoteDir>
                        <Operation>64</Operation>
                    </Platform>
                    <Platform Name="Android64">
                        <RemoteDir>classes</RemoteDir>
                        <Operation>64</Operation>
                    </Platform>
                </DeployClass>
                <DeployClass Name="AndroidFileProvider">
                    <Platform Name="Android">
                        <RemoteDir>res\xml</RemoteDir>
                        <Operation>1</Operation>
                    </Platform>
                    <Platform Name="Android64">
                        <RemoteDir>res\xml</RemoteDir>
                        <Operation>1</Operation>
                    </Platform>
                </DeployClass>
                <DeployClass Name="AndroidGDBServer">
                    <Platform Name="Android">
                        <RemoteDir>library\lib\armeabi-v7a</RemoteDir>
                        <Operation>1</Operation>
                    </Platform>
                </DeployClass>
                <DeployClass Name="AndroidLibnativeArmeabiFile">
                    <Platform Name="Android">
                        <RemoteDir>library\lib\armeabi</RemoteDir>
                        <Operation>1</Operation>
                    </Platform>
                    <Platform Name="Android64">
                        <RemoteDir>library\lib\armeabi</RemoteDir>
                        <Operation>1</Operation>
                    </Platform>
                </DeployClass>
                <DeployClass Name="AndroidLibnativeArmeabiv7aFile">
                    <Platform Name="Android64">
                        <RemoteDir>library\lib\armeabi-v7a</RemoteDir>
                        <Operation>1</Operation>
                    </Platform>
                </DeployClass>
                <DeployClass Name="AndroidLibnativeMipsFile">
                    <Platform Name="Android">
                        <RemoteDir>library\lib\mips</RemoteDir>
                        <Operation>1</Operation>
                    </Platform>
                    <Platform Name="Android64">
                        <RemoteDir>library\lib\mips</RemoteDir>
                        <Operation>1</Operation>
                    </Platform>
                </DeployClass>
                <DeployClass Name="AndroidServiceOutput">
                    <Platform Name="Android">
                        <RemoteDir>library\lib\armeabi-v7a</RemoteDir>
                        <Operation>1</Operation>
                    </Platform>
                    <Platform Name="Android64">
                        <RemoteDir>library\lib\arm64-v8a</RemoteDir>
                        <Operation>1</Operation>
                    </Platform>
                </DeployClass>
                <DeployClass Name="AndroidServiceOutput_Android32">
                    <Platform Name="Android64">
                        <RemoteDir>library\lib\armeabi-v7a</RemoteDir>
                        <Operation>1</Operation>
                    </Platform>
                </DeployClass>
                <DeployClass Name="AndroidSplashImageDef">
                    <Platform Name="Android">
                        <RemoteDir>res\drawable</RemoteDir>
                        <Operation>1</Operation>
                    </Platform>
                    <Platform Name="Android64">
                        <RemoteDir>res\drawable</RemoteDir>
                        <Operation>1</Operation>
                    </Platform>
                </DeployClass>
                <DeployClass Name="AndroidSplashStyles">
                    <Platform Name="Android">
                        <RemoteDir>res\values</RemoteDir>
                        <Operation>1</Operation>
                    </Platform>
                    <Platform Name="Android64">
                        <RemoteDir>res\values</RemoteDir>
                        <Operation>1</Operation>
                    </Platform>
                </DeployClass>
                <DeployClass Name="AndroidSplashStylesV21">
                    <Platform Name="Android">
                        <RemoteDir>res\values-v21</RemoteDir>
                        <Operation>1</Operation>
                    </Platform>
                    <Platform Name="Android64">
                        <RemoteDir>res\values-v21</RemoteDir>
                        <Operation>1</Operation>
                    </Platform>
                </DeployClass>
                <DeployClass Name="Android_Colors">
                    <Platform Name="Android">
                        <RemoteDir>res\values</RemoteDir>
                        <Operation>1</Operation>
                    </Platform>
                    <Platform Name="Android64">
                        <RemoteDir>res\values</RemoteDir>
                        <Operation>1</Operation>
                    </Platform>
                </DeployClass>
                <DeployClass Name="Android_DefaultAppIcon">
                    <Platform Name="Android">
                        <RemoteDir>res\drawable</RemoteDir>
                        <Operation>1</Operation>
                    </Platform>
                    <Platform Name="Android64">
                        <RemoteDir>res\drawable</RemoteDir>
                        <Operation>1</Operation>
                    </Platform>
                </DeployClass>
                <DeployClass Name="Android_LauncherIcon144">
                    <Platform Name="Android">
                        <RemoteDir>res\drawable-xxhdpi</RemoteDir>
                        <Operation>1</Operation>
                    </Platform>
                    <Platform Name="Android64">
                        <RemoteDir>res\drawable-xxhdpi</RemoteDir>
                        <Operation>1</Operation>
                    </Platform>
                </DeployClass>
                <DeployClass Name="Android_LauncherIcon192">
                    <Platform Name="Android">
                        <RemoteDir>res\drawable-xxxhdpi</RemoteDir>
                        <Operation>1</Operation>
                    </Platform>
                    <Platform Name="Android64">
                        <RemoteDir>res\drawable-xxxhdpi</RemoteDir>
                        <Operation>1</Operation>
                    </Platform>
                </DeployClass>
                <DeployClass Name="Android_LauncherIcon36">
                    <Platform Name="Android">
                        <RemoteDir>res\drawable-ldpi</RemoteDir>
                        <Operation>1</Operation>
                    </Platform>
                    <Platform Name="Android64">
                        <RemoteDir>res\drawable-ldpi</RemoteDir>
                        <Operation>1</Operation>
                    </Platform>
                </DeployClass>
                <DeployClass Name="Android_LauncherIcon48">
                    <Platform Name="Android">
                        <RemoteDir>res\drawable-mdpi</RemoteDir>
                        <Operation>1</Operation>
                    </Platform>
                    <Platform Name="Android64">
                        <RemoteDir>res\drawable-mdpi</RemoteDir>
                        <Operation>1</Operation>
                    </Platform>
                </DeployClass>
                <DeployClass Name="Android_LauncherIcon72">
                    <Platform Name="Android">
                        <RemoteDir>res\drawable-hdpi</RemoteDir>
                        <Operation>1</Operation>
                    </Platform>
                    <Platform Name="Android64">
                        <RemoteDir>res\drawable-hdpi</RemoteDir>
                        <Operation>1</Operation>
                    </Platform>
                </DeployClass>
                <DeployClass Name="Android_LauncherIcon96">
                    <Platform Name="Android">
                        <RemoteDir>res\drawable-xhdpi</RemoteDir>
                        <Operation>1</Operation>
                    </Platform>
                    <Platform Name="Android64">
                        <RemoteDir>res\drawable-xhdpi</RemoteDir>
                        <Operation>1</Operation>
                    </Platform>
                </DeployClass>
                <DeployClass Name="Android_NotificationIcon24">
                    <Platform Name="Android">
                        <RemoteDir>res\drawable-mdpi</RemoteDir>
                        <Operation>1</Operation>
                    </Platform>
                    <Platform Name="Android64">
                        <RemoteDir>res\drawable-mdpi</RemoteDir>
                        <Operation>1</Operation>
                    </Platform>
                </DeployClass>
                <DeployClass Name="Android_NotificationIcon36">
                    <Platform Name="Android">
                        <RemoteDir>res\drawable-hdpi</RemoteDir>
                        <Operation>1</Operation>
                    </Platform>
                    <Platform Name="Android64">
                        <RemoteDir>res\drawable-hdpi</RemoteDir>
                        <Operation>1</Operation>
                    </Platform>
                </DeployClass>
                <DeployClass Name="Android_NotificationIcon48">
                    <Platform Name="Android">
                        <RemoteDir>res\drawable-xhdpi</RemoteDir>
                        <Operation>1</Operation>
                    </Platform>
                    <Platform Name="Android64">
                        <RemoteDir>res\drawable-xhdpi</RemoteDir>
                        <Operation>1</Operation>
                    </Platform>
                </DeployClass>
                <DeployClass Name="Android_NotificationIcon72">
                    <Platform Name="Android">
                        <RemoteDir>res\drawable-xxhdpi</RemoteDir>
                        <Operation>1</Operation>
                    </Platform>
                    <Platform Name="Android64">
                        <RemoteDir>res\drawable-xxhdpi</RemoteDir>
                        <Operation>1</Operation>
                    </Platform>
                </DeployClass>
                <DeployClass Name="Android_NotificationIcon96">
                    <Platform Name="Android">
                        <RemoteDir>res\drawable-xxxhdpi</RemoteDir>
                        <Operation>1</Operation>
                    </Platform>
                    <Platform Name="Android64">
                        <RemoteDir>res\drawable-xxxhdpi</RemoteDir>
                        <Operation>1</Operation>
                    </Platform>
                </DeployClass>
                <DeployClass Name="Android_SplashImage426">
                    <Platform Name="Android">
                        <RemoteDir>res\drawable-small</RemoteDir>
                        <Operation>1</Operation>
                    </Platform>
                    <Platform Name="Android64">
                        <RemoteDir>res\drawable-small</RemoteDir>
                        <Operation>1</Operation>
                    </Platform>
                </DeployClass>
                <DeployClass Name="Android_SplashImage470">
                    <Platform Name="Android">
                        <RemoteDir>res\drawable-normal</RemoteDir>
                        <Operation>1</Operation>
                    </Platform>
                    <Platform Name="Android64">
                        <RemoteDir>res\drawable-normal</RemoteDir>
                        <Operation>1</Operation>
                    </Platform>
                </DeployClass>
                <DeployClass Name="Android_SplashImage640">
                    <Platform Name="Android">
                        <RemoteDir>res\drawable-large</RemoteDir>
                        <Operation>1</Operation>
                    </Platform>
                    <Platform Name="Android64">
                        <RemoteDir>res\drawable-large</RemoteDir>
                        <Operation>1</Operation>
                    </Platform>
                </DeployClass>
                <DeployClass Name="Android_SplashImage960">
                    <Platform Name="Android">
                        <RemoteDir>res\drawable-xlarge</RemoteDir>
                        <Operation>1</Operation>
                    </Platform>
                    <Platform Name="Android64">
                        <RemoteDir>res\drawable-xlarge</RemoteDir>
                        <Operation>1</Operation>
                    </Platform>
                </DeployClass>
                <DeployClass Name="Android_Strings">
                    <Platform Name="Android">
                        <RemoteDir>res\values</RemoteDir>
                        <Operation>1</Operation>
                    </Platform>
                    <Platform Name="Android64">
                        <RemoteDir>res\values</RemoteDir>
                        <Operation>1</Operation>
                    </Platform>
                </DeployClass>
                <DeployClass Name="DebugSymbols">
                    <Platform Name="iOSSimulator">
                        <Operation>1</Operation>
                    </Platform>
                    <Platform Name="OSX32">
                        <RemoteDir>Contents\MacOS</RemoteDir>
                        <Operation>1</Operation>
                    </Platform>
                    <Platform Name="Win32">
                        <Operation>0</Operation>
                    </Platform>
                </DeployClass>
                <DeployClass Name="DependencyFramework">
                    <Platform Name="OSX32">
                        <RemoteDir>Contents\MacOS</RemoteDir>
                        <Operation>1</Operation>
                        <Extensions>.framework</Extensions>
                    </Platform>
                    <Platform Name="OSX64">
                        <RemoteDir>Contents\MacOS</RemoteDir>
                        <Operation>1</Operation>
                        <Extensions>.framework</Extensions>
                    </Platform>
                    <Platform Name="OSXARM64">
                        <RemoteDir>Contents\MacOS</RemoteDir>
                        <Operation>1</Operation>
                        <Extensions>.framework</Extensions>
                    </Platform>
                    <Platform Name="Win32">
                        <Operation>0</Operation>
                    </Platform>
                </DeployClass>
                <DeployClass Name="DependencyModule">
                    <Platform Name="iOSDevice32">
                        <Operation>1</Operation>
                        <Extensions>.dylib</Extensions>
                    </Platform>
                    <Platform Name="iOSDevice64">
                        <Operation>1</Operation>
                        <Extensions>.dylib</Extensions>
                    </Platform>
                    <Platform Name="iOSSimARM64">
                        <Operation>1</Operation>
                        <Extensions>.dylib</Extensions>
                    </Platform>
                    <Platform Name="OSX32">
                        <RemoteDir>Contents\MacOS</RemoteDir>
                        <Operation>1</Operation>
                        <Extensions>.dylib</Extensions>
                    </Platform>
                    <Platform Name="OSX64">
                        <RemoteDir>Contents\MacOS</RemoteDir>
                        <Operation>1</Operation>
                        <Extensions>.dylib</Extensions>
                    </Platform>
                    <Platform Name="OSXARM64">
                        <RemoteDir>Contents\MacOS</RemoteDir>
                        <Operation>1</Operation>
                        <Extensions>.dylib</Extensions>
                    </Platform>
                    <Platform Name="Win32">
                        <Operation>0</Operation>
                        <Extensions>.dll;.bpl</Extensions>
                    </Platform>
                </DeployClass>
                <DeployClass Required="true" Name="DependencyPackage">
                    <Platform Name="iOSDevice32">
                        <Operation>1</Operation>
                        <Extensions>.dylib</Extensions>
                    </Platform>
                    <Platform Name="iOSDevice64">
                        <Operation>1</Operation>
                        <Extensions>.dylib</Extensions>
                    </Platform>
                    <Platform Name="iOSSimARM64">
                        <Operation>1</Operation>
                        <Extensions>.dylib</Extensions>
                    </Platform>
                    <Platform Name="OSX32">
                        <RemoteDir>Contents\MacOS</RemoteDir>
                        <Operation>1</Operation>
                        <Extensions>.dylib</Extensions>
                    </Platform>
                    <Platform Name="OSX64">
                        <RemoteDir>Contents\MacOS</RemoteDir>
                        <Operation>1</Operation>
                        <Extensions>.dylib</Extensions>
                    </Platform>
                    <Platform Name="OSXARM64">
                        <RemoteDir>Contents\MacOS</RemoteDir>
                        <Operation>1</Operation>
                        <Extensions>.dylib</Extensions>
                    </Platform>
                    <Platform Name="Win32">
                        <Operation>0</Operation>
                        <Extensions>.bpl</Extensions>
                    </Platform>
                </DeployClass>
                <DeployClass Name="File">
                    <Platform Name="Android">
                        <Operation>0</Operation>
                    </Platform>
                    <Platform Name="Android64">
                        <Operation>0</Operation>
                    </Platform>
                    <Platform Name="iOSDevice32">
                        <Operation>0</Operation>
                    </Platform>
                    <Platform Name="iOSDevice64">
                        <Operation>0</Operation>
                    </Platform>
                    <Platform Name="iOSSimARM64">
                        <Operation>0</Operation>
                    </Platform>
                    <Platform Name="OSX32">
                        <RemoteDir>Contents\Resources\StartUp\</RemoteDir>
                        <Operation>0</Operation>
                    </Platform>
                    <Platform Name="OSX64">
                        <RemoteDir>Contents\Resources\StartUp\</RemoteDir>
                        <Operation>0</Operation>
                    </Platform>
                    <Platform Name="OSXARM64">
                        <RemoteDir>Contents\Resources\StartUp\</RemoteDir>
                        <Operation>0</Operation>
                    </Platform>
                    <Platform Name="Win32">
                        <Operation>0</Operation>
                    </Platform>
                </DeployClass>
                <DeployClass Name="ProjectAndroidManifest">
                    <Platform Name="Android">
                        <Operation>1</Operation>
                    </Platform>
                    <Platform Name="Android64">
                        <Operation>1</Operation>
                    </Platform>
                </DeployClass>
                <DeployClass Name="ProjectOSXDebug">
                    <Platform Name="OSX64">
                        <RemoteDir>..\$(PROJECTNAME).app.dSYM\Contents\Resources\DWARF</RemoteDir>
                        <Operation>1</Operation>
                    </Platform>
                    <Platform Name="OSXARM64">
                        <RemoteDir>..\$(PROJECTNAME).app.dSYM\Contents\Resources\DWARF</RemoteDir>
                        <Operation>1</Operation>
                    </Platform>
                </DeployClass>
                <DeployClass Name="ProjectOSXEntitlements">
                    <Platform Name="OSX32">
                        <RemoteDir>..\</RemoteDir>
                        <Operation>1</Operation>
                    </Platform>
                    <Platform Name="OSX64">
                        <RemoteDir>..\</RemoteDir>
                        <Operation>1</Operation>
                    </Platform>
                    <Platform Name="OSXARM64">
                        <RemoteDir>..\</RemoteDir>
                        <Operation>1</Operation>
                    </Platform>
                </DeployClass>
                <DeployClass Name="ProjectOSXInfoPList">
                    <Platform Name="OSX32">
                        <RemoteDir>Contents</RemoteDir>
                        <Operation>1</Operation>
                    </Platform>
                    <Platform Name="OSX64">
                        <RemoteDir>Contents</RemoteDir>
                        <Operation>1</Operation>
                    </Platform>
                    <Platform Name="OSXARM64">
                        <RemoteDir>Contents</RemoteDir>
                        <Operation>1</Operation>
                    </Platform>
                </DeployClass>
                <DeployClass Name="ProjectOSXResource">
                    <Platform Name="OSX32">
                        <RemoteDir>Contents\Resources</RemoteDir>
                        <Operation>1</Operation>
                    </Platform>
                    <Platform Name="OSX64">
                        <RemoteDir>Contents\Resources</RemoteDir>
                        <Operation>1</Operation>
                    </Platform>
                    <Platform Name="OSXARM64">
                        <RemoteDir>Contents\Resources</RemoteDir>
                        <Operation>1</Operation>
                    </Platform>
                </DeployClass>
                <DeployClass Required="true" Name="ProjectOutput">
                    <Platform Name="Android">
                        <RemoteDir>library\lib\armeabi-v7a</RemoteDir>
                        <Operation>1</Operation>
                    </Platform>
                    <Platform Name="Android64">
                        <RemoteDir>library\lib\arm64-v8a</RemoteDir>
                        <Operation>1</Operation>
                    </Platform>
                    <Platform Name="iOSDevice32">
                        <Operation>1</Operation>
                    </Platform>
                    <Platform Name="iOSDevice64">
                        <Operation>1</Operation>
                    </Platform>
                    <Platform Name="iOSSimARM64">
                        <Operation>1</Operation>
                    </Platform>
                    <Platform Name="Linux64">
                        <Operation>1</Operation>
                    </Platform>
                    <Platform Name="OSX32">
                        <RemoteDir>Contents\MacOS</RemoteDir>
                        <Operation>1</Operation>
                    </Platform>
                    <Platform Name="OSX64">
                        <RemoteDir>Contents\MacOS</RemoteDir>
                        <Operation>1</Operation>
                    </Platform>
                    <Platform Name="OSXARM64">
                        <RemoteDir>Contents\MacOS</RemoteDir>
                        <Operation>1</Operation>
                    </Platform>
                    <Platform Name="Win32">
                        <Operation>0</Operation>
                    </Platform>
                </DeployClass>
                <DeployClass Name="ProjectOutput_Android32">
                    <Platform Name="Android64">
                        <RemoteDir>library\lib\armeabi-v7a</RemoteDir>
                        <Operation>1</Operation>
                    </Platform>
                </DeployClass>
                <DeployClass Name="ProjectUWPManifest">
                    <Platform Name="Win32">
                        <Operation>1</Operation>
                    </Platform>
                    <Platform Name="Win64">
                        <Operation>1</Operation>
                    </Platform>
                </DeployClass>
                <DeployClass Name="ProjectiOSDeviceDebug">
                    <Platform Name="iOSDevice32">
                        <RemoteDir>..\$(PROJECTNAME).app.dSYM\Contents\Resources\DWARF</RemoteDir>
                        <Operation>1</Operation>
                    </Platform>
                    <Platform Name="iOSDevice64">
                        <RemoteDir>..\$(PROJECTNAME).app.dSYM\Contents\Resources\DWARF</RemoteDir>
                        <Operation>1</Operation>
                    </Platform>
                    <Platform Name="iOSSimARM64">
                        <RemoteDir>..\$(PROJECTNAME).app.dSYM\Contents\Resources\DWARF</RemoteDir>
                        <Operation>1</Operation>
                    </Platform>
                </DeployClass>
                <DeployClass Name="ProjectiOSEntitlements">
                    <Platform Name="iOSDevice32">
                        <RemoteDir>..\</RemoteDir>
                        <Operation>1</Operation>
                    </Platform>
                    <Platform Name="iOSDevice64">
                        <RemoteDir>..\</RemoteDir>
                        <Operation>1</Operation>
                    </Platform>
                    <Platform Name="iOSSimARM64">
                        <RemoteDir>..\</RemoteDir>
                        <Operation>1</Operation>
                    </Platform>
                </DeployClass>
                <DeployClass Name="ProjectiOSInfoPList">
                    <Platform Name="iOSDevice32">
                        <Operation>1</Operation>
                    </Platform>
                    <Platform Name="iOSDevice64">
                        <Operation>1</Operation>
                    </Platform>
                    <Platform Name="iOSSimARM64">
                        <Operation>1</Operation>
                    </Platform>
                </DeployClass>
                <DeployClass Name="ProjectiOSLaunchScreen">
                    <Platform Name="iOSDevice64">
                        <RemoteDir>..\$(PROJECTNAME).launchscreen</RemoteDir>
                        <Operation>64</Operation>
                    </Platform>
                    <Platform Name="iOSSimARM64">
                        <RemoteDir>..\$(PROJECTNAME).launchscreen</RemoteDir>
                        <Operation>64</Operation>
                    </Platform>
                </DeployClass>
                <DeployClass Name="ProjectiOSResource">
                    <Platform Name="iOSDevice32">
                        <Operation>1</Operation>
                    </Platform>
                    <Platform Name="iOSDevice64">
                        <Operation>1</Operation>
                    </Platform>
                    <Platform Name="iOSSimARM64">
                        <Operation>1</Operation>
                    </Platform>
                </DeployClass>
                <DeployClass Name="UWP_DelphiLogo150">
                    <Platform Name="Win32">
                        <RemoteDir>Assets</RemoteDir>
                        <Operation>1</Operation>
                    </Platform>
                    <Platform Name="Win64">
                        <RemoteDir>Assets</RemoteDir>
                        <Operation>1</Operation>
                    </Platform>
                </DeployClass>
                <DeployClass Name="UWP_DelphiLogo44">
                    <Platform Name="Win32">
                        <RemoteDir>Assets</RemoteDir>
                        <Operation>1</Operation>
                    </Platform>
                    <Platform Name="Win64">
                        <RemoteDir>Assets</RemoteDir>
                        <Operation>1</Operation>
                    </Platform>
                </DeployClass>
                <DeployClass Name="iOS_AppStore1024">
                    <Platform Name="iOSDevice64">
                        <RemoteDir>..\$(PROJECTNAME).launchscreen\Assets\AppIcon.appiconset</RemoteDir>
                        <Operation>1</Operation>
                    </Platform>
                    <Platform Name="iOSSimARM64">
                        <RemoteDir>..\$(PROJECTNAME).launchscreen\Assets\AppIcon.appiconset</RemoteDir>
                        <Operation>1</Operation>
                    </Platform>
                </DeployClass>
                <DeployClass Name="iPad_AppIcon152">
                    <Platform Name="iOSDevice64">
                        <RemoteDir>..\$(PROJECTNAME).launchscreen\Assets\AppIcon.appiconset</RemoteDir>
                        <Operation>1</Operation>
                    </Platform>
                    <Platform Name="iOSSimARM64">
                        <RemoteDir>..\$(PROJECTNAME).launchscreen\Assets\AppIcon.appiconset</RemoteDir>
                        <Operation>1</Operation>
                    </Platform>
                </DeployClass>
                <DeployClass Name="iPad_AppIcon167">
                    <Platform Name="iOSDevice64">
                        <RemoteDir>..\$(PROJECTNAME).launchscreen\Assets\AppIcon.appiconset</RemoteDir>
                        <Operation>1</Operation>
                    </Platform>
                    <Platform Name="iOSSimARM64">
                        <RemoteDir>..\$(PROJECTNAME).launchscreen\Assets\AppIcon.appiconset</RemoteDir>
                        <Operation>1</Operation>
                    </Platform>
                </DeployClass>
                <DeployClass Name="iPad_Launch2x">
                    <Platform Name="iOSDevice64">
                        <RemoteDir>..\$(PROJECTNAME).launchscreen\Assets\LaunchScreenImage.imageset</RemoteDir>
                        <Operation>1</Operation>
                    </Platform>
                    <Platform Name="iOSSimARM64">
                        <RemoteDir>..\$(PROJECTNAME).launchscreen\Assets\LaunchScreenImage.imageset</RemoteDir>
                        <Operation>1</Operation>
                    </Platform>
                </DeployClass>
                <DeployClass Name="iPad_LaunchDark2x">
                    <Platform Name="iOSDevice64">
                        <RemoteDir>..\$(PROJECTNAME).launchscreen\Assets\LaunchScreenImage.imageset</RemoteDir>
                        <Operation>1</Operation>
                    </Platform>
                    <Platform Name="iOSSimARM64">
                        <RemoteDir>..\$(PROJECTNAME).launchscreen\Assets\LaunchScreenImage.imageset</RemoteDir>
                        <Operation>1</Operation>
                    </Platform>
                </DeployClass>
                <DeployClass Name="iPad_Notification40">
                    <Platform Name="iOSDevice64">
                        <RemoteDir>..\$(PROJECTNAME).launchscreen\Assets\AppIcon.appiconset</RemoteDir>
                        <Operation>1</Operation>
                    </Platform>
                    <Platform Name="iOSSimARM64">
                        <RemoteDir>..\$(PROJECTNAME).launchscreen\Assets\AppIcon.appiconset</RemoteDir>
                        <Operation>1</Operation>
                    </Platform>
                </DeployClass>
                <DeployClass Name="iPad_Setting58">
                    <Platform Name="iOSDevice64">
                        <RemoteDir>..\$(PROJECTNAME).launchscreen\Assets\AppIcon.appiconset</RemoteDir>
                        <Operation>1</Operation>
                    </Platform>
                    <Platform Name="iOSSimARM64">
                        <RemoteDir>..\$(PROJECTNAME).launchscreen\Assets\AppIcon.appiconset</RemoteDir>
                        <Operation>1</Operation>
                    </Platform>
                </DeployClass>
                <DeployClass Name="iPad_SpotLight80">
                    <Platform Name="iOSDevice64">
                        <RemoteDir>..\$(PROJECTNAME).launchscreen\Assets\AppIcon.appiconset</RemoteDir>
                        <Operation>1</Operation>
                    </Platform>
                    <Platform Name="iOSSimARM64">
                        <RemoteDir>..\$(PROJECTNAME).launchscreen\Assets\AppIcon.appiconset</RemoteDir>
                        <Operation>1</Operation>
                    </Platform>
                </DeployClass>
                <DeployClass Name="iPhone_AppIcon120">
                    <Platform Name="iOSDevice64">
                        <RemoteDir>..\$(PROJECTNAME).launchscreen\Assets\AppIcon.appiconset</RemoteDir>
                        <Operation>1</Operation>
                    </Platform>
                    <Platform Name="iOSSimARM64">
                        <RemoteDir>..\$(PROJECTNAME).launchscreen\Assets\AppIcon.appiconset</RemoteDir>
                        <Operation>1</Operation>
                    </Platform>
                </DeployClass>
                <DeployClass Name="iPhone_AppIcon180">
                    <Platform Name="iOSDevice64">
                        <RemoteDir>..\$(PROJECTNAME).launchscreen\Assets\AppIcon.appiconset</RemoteDir>
                        <Operation>1</Operation>
                    </Platform>
                    <Platform Name="iOSSimARM64">
                        <RemoteDir>..\$(PROJECTNAME).launchscreen\Assets\AppIcon.appiconset</RemoteDir>
                        <Operation>1</Operation>
                    </Platform>
                </DeployClass>
                <DeployClass Name="iPhone_Launch2x">
                    <Platform Name="iOSDevice64">
                        <RemoteDir>..\$(PROJECTNAME).launchscreen\Assets\LaunchScreenImage.imageset</RemoteDir>
                        <Operation>1</Operation>
                    </Platform>
                    <Platform Name="iOSSimARM64">
                        <RemoteDir>..\$(PROJECTNAME).launchscreen\Assets\LaunchScreenImage.imageset</RemoteDir>
                        <Operation>1</Operation>
                    </Platform>
                </DeployClass>
                <DeployClass Name="iPhone_Launch3x">
                    <Platform Name="iOSDevice64">
                        <RemoteDir>..\$(PROJECTNAME).launchscreen\Assets\LaunchScreenImage.imageset</RemoteDir>
                        <Operation>1</Operation>
                    </Platform>
                    <Platform Name="iOSSimARM64">
                        <RemoteDir>..\$(PROJECTNAME).launchscreen\Assets\LaunchScreenImage.imageset</RemoteDir>
                        <Operation>1</Operation>
                    </Platform>
                </DeployClass>
                <DeployClass Name="iPhone_LaunchDark2x">
                    <Platform Name="iOSDevice64">
                        <RemoteDir>..\$(PROJECTNAME).launchscreen\Assets\LaunchScreenImage.imageset</RemoteDir>
                        <Operation>1</Operation>
                    </Platform>
                    <Platform Name="iOSSimARM64">
                        <RemoteDir>..\$(PROJECTNAME).launchscreen\Assets\LaunchScreenImage.imageset</RemoteDir>
                        <Operation>1</Operation>
                    </Platform>
                </DeployClass>
                <DeployClass Name="iPhone_LaunchDark3x">
                    <Platform Name="iOSDevice64">
                        <RemoteDir>..\$(PROJECTNAME).launchscreen\Assets\LaunchScreenImage.imageset</RemoteDir>
                        <Operation>1</Operation>
                    </Platform>
                    <Platform Name="iOSSimARM64">
                        <RemoteDir>..\$(PROJECTNAME).launchscreen\Assets\LaunchScreenImage.imageset</RemoteDir>
                        <Operation>1</Operation>
                    </Platform>
                </DeployClass>
                <DeployClass Name="iPhone_Notification40">
                    <Platform Name="iOSDevice64">
                        <RemoteDir>..\$(PROJECTNAME).launchscreen\Assets\AppIcon.appiconset</RemoteDir>
                        <Operation>1</Operation>
                    </Platform>
                    <Platform Name="iOSSimARM64">
                        <RemoteDir>..\$(PROJECTNAME).launchscreen\Assets\AppIcon.appiconset</RemoteDir>
                        <Operation>1</Operation>
                    </Platform>
                </DeployClass>
                <DeployClass Name="iPhone_Notification60">
                    <Platform Name="iOSDevice64">
                        <RemoteDir>..\$(PROJECTNAME).launchscreen\Assets\AppIcon.appiconset</RemoteDir>
                        <Operation>1</Operation>
                    </Platform>
                    <Platform Name="iOSSimARM64">
                        <RemoteDir>..\$(PROJECTNAME).launchscreen\Assets\AppIcon.appiconset</RemoteDir>
                        <Operation>1</Operation>
                    </Platform>
                </DeployClass>
                <DeployClass Name="iPhone_Setting58">
                    <Platform Name="iOSDevice64">
                        <RemoteDir>..\$(PROJECTNAME).launchscreen\Assets\AppIcon.appiconset</RemoteDir>
                        <Operation>1</Operation>
                    </Platform>
                    <Platform Name="iOSSimARM64">
                        <RemoteDir>..\$(PROJECTNAME).launchscreen\Assets\AppIcon.appiconset</RemoteDir>
                        <Operation>1</Operation>
                    </Platform>
                </DeployClass>
                <DeployClass Name="iPhone_Setting87">
                    <Platform Name="iOSDevice64">
                        <RemoteDir>..\$(PROJECTNAME).launchscreen\Assets\AppIcon.appiconset</RemoteDir>
                        <Operation>1</Operation>
                    </Platform>
                    <Platform Name="iOSSimARM64">
                        <RemoteDir>..\$(PROJECTNAME).launchscreen\Assets\AppIcon.appiconset</RemoteDir>
                        <Operation>1</Operation>
                    </Platform>
                </DeployClass>
                <DeployClass Name="iPhone_Spotlight120">
                    <Platform Name="iOSDevice64">
                        <RemoteDir>..\$(PROJECTNAME).launchscreen\Assets\AppIcon.appiconset</RemoteDir>
                        <Operation>1</Operation>
                    </Platform>
                    <Platform Name="iOSSimARM64">
                        <RemoteDir>..\$(PROJECTNAME).launchscreen\Assets\AppIcon.appiconset</RemoteDir>
                        <Operation>1</Operation>
                    </Platform>
                </DeployClass>
                <DeployClass Name="iPhone_Spotlight80">
                    <Platform Name="iOSDevice64">
                        <RemoteDir>..\$(PROJECTNAME).launchscreen\Assets\AppIcon.appiconset</RemoteDir>
                        <Operation>1</Operation>
                    </Platform>
                    <Platform Name="iOSSimARM64">
                        <RemoteDir>..\$(PROJECTNAME).launchscreen\Assets\AppIcon.appiconset</RemoteDir>
                        <Operation>1</Operation>
                    </Platform>
                </DeployClass>
                <ProjectRoot Platform="Android" Name="$(PROJECTNAME)"/>
                <ProjectRoot Platform="Android64" Name="$(PROJECTNAME)"/>
                <ProjectRoot Platform="iOSDevice32" Name="$(PROJECTNAME).app"/>
                <ProjectRoot Platform="iOSDevice64" Name="$(PROJECTNAME).app"/>
                <ProjectRoot Platform="iOSSimARM64" Name="$(PROJECTNAME).app"/>
                <ProjectRoot Platform="iOSSimulator" Name="$(PROJECTNAME).app"/>
                <ProjectRoot Platform="Linux64" Name="$(PROJECTNAME)"/>
                <ProjectRoot Platform="OSX32" Name="$(PROJECTNAME).app"/>
                <ProjectRoot Platform="OSX64" Name="$(PROJECTNAME).app"/>
                <ProjectRoot Platform="OSXARM64" Name="$(PROJECTNAME).app"/>
                <ProjectRoot Platform="Win32" Name="$(PROJECTNAME)"/>
                <ProjectRoot Platform="Win64" Name="$(PROJECTNAME)"/>
            </Deployment>
            <Platforms>
                <Platform value="Win32">True</Platform>
                <Platform value="Win64">True</Platform>
            </Platforms>
        </BorlandProject>
        <ProjectFileVersion>12</ProjectFileVersion>
    </ProjectExtensions>
    <Import Project="$(BDS)\Bin\CodeGear.Delphi.Targets" Condition="Exists('$(BDS)\Bin\CodeGear.Delphi.Targets')"/>
    <Import Project="$(APPDATA)\Embarcadero\$(BDSAPPDATABASEDIR)\$(PRODUCTVERSION)\UserTools.proj" Condition="Exists('$(APPDATA)\Embarcadero\$(BDSAPPDATABASEDIR)\$(PRODUCTVERSION)\UserTools.proj')"/>
    <Import Project="$(MSBuildProjectName).deployproj" Condition="Exists('$(MSBuildProjectName).deployproj')"/>
</Project>
